
Microsoft Visual Studio Solution File, Format Version 12.00
# Visual Studio 15
VisualStudioVersion = 15.0.28307.757
MinimumVisualStudioVersion = 10.0.40219.1
Project("{FAE04EC0-301F-11D3-BF4B-00C04F79EFBC}") = "KavresBot", "KavresBot\KavresBot.csproj", "{C533565D-E785-4791-BA56-1AA21D1C400E}"
EndProject
Global
	GlobalSection(SolutionConfigurationPlatforms) = preSolution
		Debug|Any CPU = Debug|Any CPU
		Release|Any CPU = Release|Any CPU
	EndGlobalSection
	GlobalSection(ProjectConfigurationPlatforms) = postSolution
		{C533565D-E785-4791-BA56-1AA21D1C400E}.Debug|Any CPU.ActiveCfg = Debug|Any CPU
		{C533565D-E785-4791-BA56-1AA21D1C400E}.Debug|Any CPU.Build.0 = Debug|Any CPU
		{C533565D-E785-4791-BA56-1AA21D1C400E}.Release|Any CPU.ActiveCfg = Release|Any CPU
		{C533565D-E785-4791-BA56-1AA21D1C400E}.Release|Any CPU.Build.0 = Release|Any CPU
	EndGlobalSection
	GlobalSection(SolutionProperties) = preSolution
		HideSolutionNode = FALSE
	EndGlobalSection
	GlobalSection(ExtensibilityGlobals) = postSolution
		SolutionGuid = {149C6CC8-7296-49FA-A8F0-32E393A2A406}
	EndGlobalSection
EndGlobal
